
Microsoft Visual Studio Solution File, Format Version 12.00
# Visual Studio 15
VisualStudioVersion = 15.0.27130.2020
MinimumVisualStudioVersion = 10.0.40219.1
Project("{9A19103F-16F7-4668-BE54-9A1E7A4F7556}") = "WebApi", "WebApi\WebApi.csproj", "{C2B4243A-A063-4BA4-9444-3E55DFB6E65F}"
EndProject
Project("{9A19103F-16F7-4668-BE54-9A1E7A4F7556}") = "DataAccess", "DataAccess\DataAccess.csproj", "{3B50C6AD-DECA-4EE8-81AC-C934B9034340}"
EndProject
Project("{9A19103F-16F7-4668-BE54-9A1E7A4F7556}") = "BusinessLogic", "BusinessLogic\BusinessLogic.csproj", "{A2B36DC6-55D1-41D0-9102-6E9B08EA4089}"
EndProject
Project("{9A19103F-16F7-4668-BE54-9A1E7A4F7556}") = "BusinessLogic.Tests", "BusinessLogic.Tests\BusinessLogic.Tests.csproj", "{BD140D6D-7BA2-4161-B23A-46BB8F60E1D6}"
EndProject
Project("{FAE04EC0-301F-11D3-BF4B-00C04F79EFBC}") = "Core", "Core\Core.csproj", "{3DA6B330-18F1-4B96-80DA-DE889407C98F}"
EndProject
Global
	GlobalSection(SolutionConfigurationPlatforms) = preSolution
		Debug|Any CPU = Debug|Any CPU
		Release|Any CPU = Release|Any CPU
	EndGlobalSection
	GlobalSection(ProjectConfigurationPlatforms) = postSolution
		{C2B4243A-A063-4BA4-9444-3E55DFB6E65F}.Debug|Any CPU.ActiveCfg = Debug|Any CPU
		{C2B4243A-A063-4BA4-9444-3E55DFB6E65F}.Debug|Any CPU.Build.0 = Debug|Any CPU
		{C2B4243A-A063-4BA4-9444-3E55DFB6E65F}.Release|Any CPU.ActiveCfg = Release|Any CPU
		{C2B4243A-A063-4BA4-9444-3E55DFB6E65F}.Release|Any CPU.Build.0 = Release|Any CPU
		{3B50C6AD-DECA-4EE8-81AC-C934B9034340}.Debug|Any CPU.ActiveCfg = Debug|Any CPU
		{3B50C6AD-DECA-4EE8-81AC-C934B9034340}.Debug|Any CPU.Build.0 = Debug|Any CPU
		{3B50C6AD-DECA-4EE8-81AC-C934B9034340}.Release|Any CPU.ActiveCfg = Release|Any CPU
		{3B50C6AD-DECA-4EE8-81AC-C934B9034340}.Release|Any CPU.Build.0 = Release|Any CPU
		{A2B36DC6-55D1-41D0-9102-6E9B08EA4089}.Debug|Any CPU.ActiveCfg = Debug|Any CPU
		{A2B36DC6-55D1-41D0-9102-6E9B08EA4089}.Debug|Any CPU.Build.0 = Debug|Any CPU
		{A2B36DC6-55D1-41D0-9102-6E9B08EA4089}.Release|Any CPU.ActiveCfg = Release|Any CPU
		{A2B36DC6-55D1-41D0-9102-6E9B08EA4089}.Release|Any CPU.Build.0 = Release|Any CPU
		{BD140D6D-7BA2-4161-B23A-46BB8F60E1D6}.Debug|Any CPU.ActiveCfg = Debug|Any CPU
		{BD140D6D-7BA2-4161-B23A-46BB8F60E1D6}.Debug|Any CPU.Build.0 = Debug|Any CPU
		{BD140D6D-7BA2-4161-B23A-46BB8F60E1D6}.Release|Any CPU.ActiveCfg = Release|Any CPU
		{BD140D6D-7BA2-4161-B23A-46BB8F60E1D6}.Release|Any CPU.Build.0 = Release|Any CPU
		{3DA6B330-18F1-4B96-80DA-DE889407C98F}.Debug|Any CPU.ActiveCfg = Debug|Any CPU
		{3DA6B330-18F1-4B96-80DA-DE889407C98F}.Debug|Any CPU.Build.0 = Debug|Any CPU
		{3DA6B330-18F1-4B96-80DA-DE889407C98F}.Release|Any CPU.ActiveCfg = Release|Any CPU
		{3DA6B330-18F1-4B96-80DA-DE889407C98F}.Release|Any CPU.Build.0 = Release|Any CPU
	EndGlobalSection
	GlobalSection(SolutionProperties) = preSolution
		HideSolutionNode = FALSE
	EndGlobalSection
	GlobalSection(ExtensibilityGlobals) = postSolution
		SolutionGuid = {41947D20-7A87-44AD-9820-577B377A34F1}
	EndGlobalSection
EndGlobal
